
Microsoft Visual Studio Solution File, Format Version 12.00
# Visual Studio Version 16
VisualStudioVersion = 16.0.31321.278
MinimumVisualStudioVersion = 10.0.40219.1
Project("{FAE04EC0-301F-11D3-BF4B-00C04F79EFBC}") = "SistemaSaque", "SistemaSaque\SistemaSaque.csproj", "{3AA61C31-C7DB-45B9-A492-6EFB280011B2}"
EndProject
Global
	GlobalSection(SolutionConfigurationPlatforms) = preSolution
		Debug|Any CPU = Debug|Any CPU
		Release|Any CPU = Release|Any CPU
	EndGlobalSection
	GlobalSection(ProjectConfigurationPlatforms) = postSolution
		{3AA61C31-C7DB-45B9-A492-6EFB280011B2}.Debug|Any CPU.ActiveCfg = Debug|Any CPU
		{3AA61C31-C7DB-45B9-A492-6EFB280011B2}.Debug|Any CPU.Build.0 = Debug|Any CPU
		{3AA61C31-C7DB-45B9-A492-6EFB280011B2}.Release|Any CPU.ActiveCfg = Release|Any CPU
		{3AA61C31-C7DB-45B9-A492-6EFB280011B2}.Release|Any CPU.Build.0 = Release|Any CPU
	EndGlobalSection
	GlobalSection(SolutionProperties) = preSolution
		HideSolutionNode = FALSE
	EndGlobalSection
	GlobalSection(ExtensibilityGlobals) = postSolution
		SolutionGuid = {9B8D610E-05C0-4FC3-86C6-1E73ABE42B2F}
	EndGlobalSection
EndGlobal
